
Microsoft Visual Studio Solution File, Format Version 12.00
# Visual Studio 15
VisualStudioVersion = 15.0.27703.2000
MinimumVisualStudioVersion = 10.0.40219.1
Project("{9A19103F-16F7-4668-BE54-9A1E7A4F7556}") = "Blazor.Validation.Server", "Blazor.Validation.Server\Blazor.Validation.Server.csproj", "{E7793DEE-AAE4-4CB7-86D9-9FAF1D8325B6}"
EndProject
Project("{9A19103F-16F7-4668-BE54-9A1E7A4F7556}") = "Blazor.Validation.Client", "Blazor.Validation.Client\Blazor.Validation.Client.csproj", "{A6633B73-294A-457B-9026-986F7AFDE392}"
EndProject
Project("{9A19103F-16F7-4668-BE54-9A1E7A4F7556}") = "Blazor.Validation.Shared", "Blazor.Validation.Shared\Blazor.Validation.Shared.csproj", "{BE48BD1D-948C-4A44-8F08-ECFDD01764A3}"
EndProject
Project("{9A19103F-16F7-4668-BE54-9A1E7A4F7556}") = "Blazor.Validation", "Blazor.Validation\Blazor.Validation.csproj", "{8A759480-AD4D-40AF-9B35-482E12516DD6}"
EndProject
Project("{2150E333-8FDC-42A3-9474-1A3956D46DE8}") = "Solution Items", "Solution Items", "{09A9DF56-D5CE-4917-A872-E506823BE9D7}"
	ProjectSection(SolutionItems) = preProject
		Readme.md = Readme.md
	EndProjectSection
EndProject
Global
	GlobalSection(SolutionConfigurationPlatforms) = preSolution
		Debug|Any CPU = Debug|Any CPU
		Release|Any CPU = Release|Any CPU
	EndGlobalSection
	GlobalSection(ProjectConfigurationPlatforms) = postSolution
		{E7793DEE-AAE4-4CB7-86D9-9FAF1D8325B6}.Debug|Any CPU.ActiveCfg = Debug|Any CPU
		{E7793DEE-AAE4-4CB7-86D9-9FAF1D8325B6}.Debug|Any CPU.Build.0 = Debug|Any CPU
		{E7793DEE-AAE4-4CB7-86D9-9FAF1D8325B6}.Release|Any CPU.ActiveCfg = Release|Any CPU
		{E7793DEE-AAE4-4CB7-86D9-9FAF1D8325B6}.Release|Any CPU.Build.0 = Release|Any CPU
		{A6633B73-294A-457B-9026-986F7AFDE392}.Debug|Any CPU.ActiveCfg = Debug|Any CPU
		{A6633B73-294A-457B-9026-986F7AFDE392}.Debug|Any CPU.Build.0 = Debug|Any CPU
		{A6633B73-294A-457B-9026-986F7AFDE392}.Release|Any CPU.ActiveCfg = Release|Any CPU
		{A6633B73-294A-457B-9026-986F7AFDE392}.Release|Any CPU.Build.0 = Release|Any CPU
		{BE48BD1D-948C-4A44-8F08-ECFDD01764A3}.Debug|Any CPU.ActiveCfg = Debug|Any CPU
		{BE48BD1D-948C-4A44-8F08-ECFDD01764A3}.Debug|Any CPU.Build.0 = Debug|Any CPU
		{BE48BD1D-948C-4A44-8F08-ECFDD01764A3}.Release|Any CPU.ActiveCfg = Release|Any CPU
		{BE48BD1D-948C-4A44-8F08-ECFDD01764A3}.Release|Any CPU.Build.0 = Release|Any CPU
		{8A759480-AD4D-40AF-9B35-482E12516DD6}.Debug|Any CPU.ActiveCfg = Debug|Any CPU
		{8A759480-AD4D-40AF-9B35-482E12516DD6}.Debug|Any CPU.Build.0 = Debug|Any CPU
		{8A759480-AD4D-40AF-9B35-482E12516DD6}.Release|Any CPU.ActiveCfg = Release|Any CPU
		{8A759480-AD4D-40AF-9B35-482E12516DD6}.Release|Any CPU.Build.0 = Release|Any CPU
	EndGlobalSection
	GlobalSection(SolutionProperties) = preSolution
		HideSolutionNode = FALSE
	EndGlobalSection
	GlobalSection(ExtensibilityGlobals) = postSolution
		SolutionGuid = {0E5C735A-4ED0-498B-8118-940C3F072920}
	EndGlobalSection
EndGlobal
